{
  "nodes": {
    "crane": {
      "inputs": {
        "nixpkgs": [
          "nixpkgs"
        ]
      },
      "locked": {
        "lastModified": 1717386774,
        "narHash": "sha256-YYMGHDo4f+tu7k2q6hWNiI5C8gAN5eksb3g3EbKFf4k=",
        "owner": "ipetkov",
        "repo": "crane",
        "rev": "ad21f86e47a2751faa99aecd0d494be70411d5e9",
        "type": "github"
      },
      "original": {
        "owner": "ipetkov",
        "repo": "crane",
        "type": "github"
      }
    },
    "flake-utils": {
      "inputs": {
        "systems": "systems"
      },
      "locked": {
        "lastModified": 1710146030,
        "narHash": "sha256-SZ5L6eA7HJ/nmkzGG7/ISclqe6oZdOZTNoesiInkXPQ=",
        "owner": "numtide",
        "repo": "flake-utils",
        "rev": "b1d9ab70662946ef0850d488da1c9019f3a9752a",
        "type": "github"
      },
      "original": {
        "owner": "numtide",
        "repo": "flake-utils",
        "type": "github"
      }
    },
    "fstar": {
      "inputs": {
        "flake-utils": [
          "flake-utils"
        ],
        "nixpkgs": [
          "nixpkgs"
        ]
      },
      "locked": {
        "lastModified": 1705191588,
        "narHash": "sha256-xjSWDP8mSjLcn+0hsRpEdzsBgBR+mKCZB8yLmHl+WqE=",
        "owner": "FStarLang",
        "repo": "FStar",
        "rev": "a32b316e521fa4f239b610ec8f1d15e78d62cbe8",
        "type": "github"
      },
      "original": {
        "owner": "FStarLang",
        "ref": "v2024.01.13",
        "repo": "FStar",
        "type": "github"
      }
    },
    "hacl-star": {
      "flake": false,
      "locked": {
        "lastModified": 1716379562,
        "narHash": "sha256-42dF8kPEiveSPgHoicxZG/CCu3IhwJhtfvVNfrLczu8=",
        "owner": "hacl-star",
        "repo": "hacl-star",
        "rev": "9149b0c26b06a8e06a0920a07c33ddd18d94c519",
        "type": "github"
      },
      "original": {
        "owner": "hacl-star",
        "repo": "hacl-star",
        "type": "github"
      }
    },
    "nixpkgs": {
      "locked": {
        "lastModified": 1717402443,
        "narHash": "sha256-KlFiT8xFAVy29iYJU9nBwvkC7WTfUC/jak5jNFz5wHM=",
        "owner": "nixos",
        "repo": "nixpkgs",
        "rev": "c149b8818b982d612f519c7e73449d355206a89a",
        "type": "github"
      },
      "original": {
        "owner": "nixos",
        "repo": "nixpkgs",
        "type": "github"
      }
    },
    "ocaml-sourcemaps": {
      "inputs": {
        "flake-utils": [
          "flake-utils"
        ],
        "nixpkgs": [
          "nixpkgs"
        ]
      },
      "locked": {
        "lastModified": 1709059830,
        "narHash": "sha256-K+g/h6xhE5uOBri1oCaOier3jeIwZrMGOSx79mz5FrU=",
        "owner": "W95Psp",
        "repo": "ocaml-sourcemaps",
        "rev": "391ef51d2fad9884f7535e003b9c9f1a53536fbb",
        "type": "github"
      },
      "original": {
        "owner": "W95Psp",
        "repo": "ocaml-sourcemaps",
        "type": "github"
      }
    },
    "root": {
      "inputs": {
        "crane": "crane",
        "flake-utils": "flake-utils",
        "fstar": "fstar",
        "hacl-star": "hacl-star",
        "nixpkgs": "nixpkgs",
        "ocaml-sourcemaps": "ocaml-sourcemaps",
        "rust-overlay": "rust-overlay"
      }
    },
    "rust-overlay": {
      "inputs": {
        "nixpkgs": [
          "nixpkgs"
        ]
      },
      "locked": {
        "lastModified": 1723429325,
        "narHash": "sha256-4x/32xTCd+xCwFoI/kKSiCr5LQA2ZlyTRYXKEni5HR8=",
        "owner": "oxalica",
        "repo": "rust-overlay",
        "rev": "65e3dc0fe079fe8df087cd38f1fe6836a0373aad",
        "type": "github"
      },
      "original": {
        "owner": "oxalica",
        "repo": "rust-overlay",
        "type": "github"
      }
    },
    "systems": {
      "locked": {
        "lastModified": 1681028828,
        "narHash": "sha256-Vy1rq5AaRuLzOxct8nz4T6wlgyUR7zLU309k9mBC768=",
        "owner": "nix-systems",
        "repo": "default",
        "rev": "da67096a3b9bf56a91d16901293e51ba5b49a27e",
        "type": "github"
      },
      "original": {
        "owner": "nix-systems",
        "repo": "default",
        "type": "github"
      }
    }
  },
  "root": "root",
  "version": 7
}
